
Microsoft Visual Studio Solution File, Format Version 12.00
# Visual Studio Version 17
VisualStudioVersion = 17.5.33516.290
MinimumVisualStudioVersion = 10.0.40219.1
Project("{9A19103F-16F7-4668-BE54-9A1E7A4F7556}") = "UseCase1", "UseCase1\UseCase1.csproj", "{A68BB768-AF58-440F-9AFF-1C45AD7F5A01}"
EndProject
Project("{FAE04EC0-301F-11D3-BF4B-00C04F79EFBC}") = "UseCase1Test", "UseCase1Test\UseCase1Test.csproj", "{8F8038A0-FB53-4B11-B858-7027FF75E6D7}"
EndProject
Global
	GlobalSection(SolutionConfigurationPlatforms) = preSolution
		Debug|Any CPU = Debug|Any CPU
		Release|Any CPU = Release|Any CPU
	EndGlobalSection
	GlobalSection(ProjectConfigurationPlatforms) = postSolution
		{A68BB768-AF58-440F-9AFF-1C45AD7F5A01}.Debug|Any CPU.ActiveCfg = Debug|Any CPU
		{A68BB768-AF58-440F-9AFF-1C45AD7F5A01}.Debug|Any CPU.Build.0 = Debug|Any CPU
		{A68BB768-AF58-440F-9AFF-1C45AD7F5A01}.Release|Any CPU.ActiveCfg = Release|Any CPU
		{A68BB768-AF58-440F-9AFF-1C45AD7F5A01}.Release|Any CPU.Build.0 = Release|Any CPU
		{8F8038A0-FB53-4B11-B858-7027FF75E6D7}.Debug|Any CPU.ActiveCfg = Debug|Any CPU
		{8F8038A0-FB53-4B11-B858-7027FF75E6D7}.Debug|Any CPU.Build.0 = Debug|Any CPU
		{8F8038A0-FB53-4B11-B858-7027FF75E6D7}.Release|Any CPU.ActiveCfg = Release|Any CPU
		{8F8038A0-FB53-4B11-B858-7027FF75E6D7}.Release|Any CPU.Build.0 = Release|Any CPU
	EndGlobalSection
	GlobalSection(SolutionProperties) = preSolution
		HideSolutionNode = FALSE
	EndGlobalSection
	GlobalSection(ExtensibilityGlobals) = postSolution
		SolutionGuid = {7AE0C494-F7D4-4E26-86E5-74348350BF0A}
	EndGlobalSection
EndGlobal
